// !$*UTF8*$!
{
	archiveVersion = 1;
	classes = {
	};
	objectVersion = 50;
	objects = {

/* Begin PBXBuildFile section */
		F52417F92581C9DA003713B8 /* UIImage+WeicyCommon.m in Sources */ = {isa = PBXBuildFile; fileRef = F52417F82581C9DA003713B8 /* UIImage+WeicyCommon.m */; };
		F524180B25820761003713B8 /* UIScrollView+WeicyCommon.m in Sources */ = {isa = PBXBuildFile; fileRef = F524180A25820761003713B8 /* UIScrollView+WeicyCommon.m */; };
		F52418262582FF55003713B8 /* UIButton+WeicyCommon.m in Sources */ = {isa = PBXBuildFile; fileRef = F52418252582FF55003713B8 /* UIButton+WeicyCommon.m */; };
		F524185125831DDA003713B8 /* NSString+WeicyCommon.m in Sources */ = {isa = PBXBuildFile; fileRef = F524185025831DDA003713B8 /* NSString+WeicyCommon.m */; };
		F52418572583204E003713B8 /* NSData+WeicyCommon.m in Sources */ = {isa = PBXBuildFile; fileRef = F52418562583204E003713B8 /* NSData+WeicyCommon.m */; };
		F554012225876CF500284586 /* UIGestureRecognizer+WeicyCommon.m in Sources */ = {isa = PBXBuildFile; fileRef = F554012125876CF500284586 /* UIGestureRecognizer+WeicyCommon.m */; };
		F569FA7F25A2F874000835DE /* UIViewController+ImagePickerManager.m in Sources */ = {isa = PBXBuildFile; fileRef = F569FA7D25A2F874000835DE /* UIViewController+ImagePickerManager.m */; };
		F572D1EC2591A23300594AE3 /* UILabel+WeicyCommon.m in Sources */ = {isa = PBXBuildFile; fileRef = F572D1EB2591A23300594AE3 /* UILabel+WeicyCommon.m */; };
		F572D2CE2593257800594AE3 /* UIControl+WeicyAddForCombo.m in Sources */ = {isa = PBXBuildFile; fileRef = F572D2CD2593257800594AE3 /* UIControl+WeicyAddForCombo.m */; };
		F572D3B62595831000594AE3 /* AppDelegate+WeicyGT.m in Sources */ = {isa = PBXBuildFile; fileRef = F572D3B42595831000594AE3 /* AppDelegate+WeicyGT.m */; };
		F574B4AF25B049E5000ADB62 /* ZCChinaLocation.m in Sources */ = {isa = PBXBuildFile; fileRef = F574B4AD25B049E5000ADB62 /* ZCChinaLocation.m */; };
		F574B50325B530B3000ADB62 /* LBSystemPhotoPicker.m in Sources */ = {isa = PBXBuildFile; fileRef = F574B50125B530B3000ADB62 /* LBSystemPhotoPicker.m */; };
		F574B59E25B576C2000ADB62 /* UIView+Visuals_yf.m in Sources */ = {isa = PBXBuildFile; fileRef = F574B59425B576C2000ADB62 /* UIView+Visuals_yf.m */; };
		F574B59F25B576C2000ADB62 /* UIView+CustomBorder_yf.m in Sources */ = {isa = PBXBuildFile; fileRef = F574B59725B576C2000ADB62 /* UIView+CustomBorder_yf.m */; };
		F574B5A025B576C2000ADB62 /* UIView+Shake_yf.m in Sources */ = {isa = PBXBuildFile; fileRef = F574B59825B576C2000ADB62 /* UIView+Shake_yf.m */; };
		F574B5A125B576C2000ADB62 /* UIView+draggable_yf.m in Sources */ = {isa = PBXBuildFile; fileRef = F574B59A25B576C2000ADB62 /* UIView+draggable_yf.m */; };
		F574B5A225B576C2000ADB62 /* UIView+Animation_yf.m in Sources */ = {isa = PBXBuildFile; fileRef = F574B59B25B576C2000ADB62 /* UIView+Animation_yf.m */; };
		F574B5AC25B577BD000ADB62 /* UITextField+Shake_yf.m in Sources */ = {isa = PBXBuildFile; fileRef = F574B5AB25B577BD000ADB62 /* UITextField+Shake_yf.m */; };
		F574B5E925B586CA000ADB62 /* UITextField+Extension_yf.m in Sources */ = {isa = PBXBuildFile; fileRef = F574B5E725B586CA000ADB62 /* UITextField+Extension_yf.m */; };
		F574B60025B58FB7000ADB62 /* UINavigationItem+Loading.m in Sources */ = {isa = PBXBuildFile; fileRef = F574B5FE25B58FB7000ADB62 /* UINavigationItem+Loading.m */; };
		F574B60A25B5904B000ADB62 /* UITextView+PlaceHolder_yf.m in Sources */ = {isa = PBXBuildFile; fileRef = F574B60725B5904B000ADB62 /* UITextView+PlaceHolder_yf.m */; };
		F574B60B25B5904B000ADB62 /* UITextView+Select_yf.m in Sources */ = {isa = PBXBuildFile; fileRef = F574B60825B5904B000ADB62 /* UITextView+Select_yf.m */; };
		F58F2C8B25A5975C0024DB83 /* YYTimer.m in Sources */ = {isa = PBXBuildFile; fileRef = F58F2C8A25A5975C0024DB83 /* YYTimer.m */; };
		F5953954257A1FA500D87FDA /* UIView+Toast.m in Sources */ = {isa = PBXBuildFile; fileRef = F5953953257A1FA500D87FDA /* UIView+Toast.m */; };
		F5B5AF98259C71530057AE11 /* AppDelegate+WeicyUM.m in Sources */ = {isa = PBXBuildFile; fileRef = F5B5AF97259C71530057AE11 /* AppDelegate+WeicyUM.m */; };
		F5B5B24D259EEED10057AE11 /* WQLanguage.m in Sources */ = {isa = PBXBuildFile; fileRef = F5B5B24C259EEED10057AE11 /* WQLanguage.m */; };
		F5B5B254259EEEDD0057AE11 /* LocalConnection.m in Sources */ = {isa = PBXBuildFile; fileRef = F5B5B253259EEEDD0057AE11 /* LocalConnection.m */; };
		F5D867D52575DC6300A251B5 /* AppDelegate.m in Sources */ = {isa = PBXBuildFile; fileRef = F5D867D42575DC6300A251B5 /* AppDelegate.m */; };
		F5D867DB2575DC6300A251B5 /* ViewController.m in Sources */ = {isa = PBXBuildFile; fileRef = F5D867DA2575DC6300A251B5 /* ViewController.m */; };
		F5D867DE2575DC6300A251B5 /* Main.storyboard in Resources */ = {isa = PBXBuildFile; fileRef = F5D867DC2575DC6300A251B5 /* Main.storyboard */; };
		F5D867E02575DC6500A251B5 /* Assets.xcassets in Resources */ = {isa = PBXBuildFile; fileRef = F5D867DF2575DC6500A251B5 /* Assets.xcassets */; };
		F5D867E32575DC6500A251B5 /* LaunchScreen.storyboard in Resources */ = {isa = PBXBuildFile; fileRef = F5D867E12575DC6500A251B5 /* LaunchScreen.storyboard */; };
		F5D867E62575DC6500A251B5 /* main.m in Sources */ = {isa = PBXBuildFile; fileRef = F5D867E52575DC6500A251B5 /* main.m */; };
		F5D867F02575DC6500A251B5 /* CommonTests.m in Sources */ = {isa = PBXBuildFile; fileRef = F5D867EF2575DC6500A251B5 /* CommonTests.m */; };
		F5D867FB2575DC6500A251B5 /* CommonUITests.m in Sources */ = {isa = PBXBuildFile; fileRef = F5D867FA2575DC6500A251B5 /* CommonUITests.m */; };
		F5D8681D2575DE0700A251B5 /* NSArray+WeicyCommon.m in Sources */ = {isa = PBXBuildFile; fileRef = F5D8681C2575DE0700A251B5 /* NSArray+WeicyCommon.m */; };
		F5D868412575EC7900A251B5 /* NSDate+WeicyCommon.m in Sources */ = {isa = PBXBuildFile; fileRef = F5D868402575EC7900A251B5 /* NSDate+WeicyCommon.m */; };
		F5D8684A2575F2E500A251B5 /* WeciyEncryptStringTool.m in Sources */ = {isa = PBXBuildFile; fileRef = F5D868492575F2E500A251B5 /* WeciyEncryptStringTool.m */; };
		F5D868532576138100A251B5 /* NSDictionary+WeicyCommon.m in Sources */ = {isa = PBXBuildFile; fileRef = F5D868522576138100A251B5 /* NSDictionary+WeicyCommon.m */; };
		F5D8685A2576164E00A251B5 /* WeicyGCDTimerTool.m in Sources */ = {isa = PBXBuildFile; fileRef = F5D868592576164E00A251B5 /* WeicyGCDTimerTool.m */; };
		F5D868602576173F00A251B5 /* WeicyRegularExpressionTool.m in Sources */ = {isa = PBXBuildFile; fileRef = F5D8685F2576173F00A251B5 /* WeicyRegularExpressionTool.m */; };
		F5D8686925762F5700A251B5 /* WeicyJumpTool.m in Sources */ = {isa = PBXBuildFile; fileRef = F5D8686825762F5700A251B5 /* WeicyJumpTool.m */; };
		F5D868722576340400A251B5 /* WeicyAppTool.m in Sources */ = {isa = PBXBuildFile; fileRef = F5D868712576340400A251B5 /* WeicyAppTool.m */; };
		F5D8689E25763F8A00A251B5 /* UIColor+WeicyCommon.m in Sources */ = {isa = PBXBuildFile; fileRef = F5D8689D25763F8A00A251B5 /* UIColor+WeicyCommon.m */; };
		F5D8690D257646A300A251B5 /* UIDevice+WeicyCommon.m in Sources */ = {isa = PBXBuildFile; fileRef = F5D8690C257646A300A251B5 /* UIDevice+WeicyCommon.m */; };
		F5D8694125772F2100A251B5 /* UIApplication+WeicyCommon.m in Sources */ = {isa = PBXBuildFile; fileRef = F5D8694025772F2100A251B5 /* UIApplication+WeicyCommon.m */; };
		F5D8694725772FD000A251B5 /* UIView+WeicyCorners.m in Sources */ = {isa = PBXBuildFile; fileRef = F5D8694625772FD000A251B5 /* UIView+WeicyCorners.m */; };
		F5D8694D2577398000A251B5 /* UIControl+WeicyCommon.m in Sources */ = {isa = PBXBuildFile; fileRef = F5D8694C2577398000A251B5 /* UIControl+WeicyCommon.m */; };
		F5D8697525776CCD00A251B5 /* UIView+WeicyCommon.m in Sources */ = {isa = PBXBuildFile; fileRef = F5D8697425776CCD00A251B5 /* UIView+WeicyCommon.m */; };
		F5E90BF025AE993400064D1F /* UITableView+YYAdd.m in Sources */ = {isa = PBXBuildFile; fileRef = F5E90BEE25AE993400064D1F /* UITableView+YYAdd.m */; };
/* End PBXBuildFile section */

/* Begin PBXContainerItemProxy section */
		F5D867EC2575DC6500A251B5 /* PBXContainerItemProxy */ = {
			isa = PBXContainerItemProxy;
			containerPortal = F5D867C82575DC6300A251B5 /* Project object */;
			proxyType = 1;
			remoteGlobalIDString = F5D867CF2575DC6300A251B5;
			remoteInfo = Common;
		};
		F5D867F72575DC6500A251B5 /* PBXContainerItemProxy */ = {
			isa = PBXContainerItemProxy;
			containerPortal = F5D867C82575DC6300A251B5 /* Project object */;
			proxyType = 1;
			remoteGlobalIDString = F5D867CF2575DC6300A251B5;
			remoteInfo = Common;
		};
/* End PBXContainerItemProxy section */

/* Begin PBXFileReference section */
		F52417F72581C9DA003713B8 /* UIImage+WeicyCommon.h */ = {isa = PBXFileReference; lastKnownFileType = sourcecode.c.h; path = "UIImage+WeicyCommon.h"; sourceTree = "<group>"; };
		F52417F82581C9DA003713B8 /* UIImage+WeicyCommon.m */ = {isa = PBXFileReference; lastKnownFileType = sourcecode.c.objc; path = "UIImage+WeicyCommon.m"; sourceTree = "<group>"; };
		F524180925820761003713B8 /* UIScrollView+WeicyCommon.h */ = {isa = PBXFileReference; lastKnownFileType = sourcecode.c.h; path = "UIScrollView+WeicyCommon.h"; sourceTree = "<group>"; };
		F524180A25820761003713B8 /* UIScrollView+WeicyCommon.m */ = {isa = PBXFileReference; lastKnownFileType = sourcecode.c.objc; path = "UIScrollView+WeicyCommon.m"; sourceTree = "<group>"; };
		F52418242582FF55003713B8 /* UIButton+WeicyCommon.h */ = {isa = PBXFileReference; lastKnownFileType = sourcecode.c.h; path = "UIButton+WeicyCommon.h"; sourceTree = "<group>"; };
		F52418252582FF55003713B8 /* UIButton+WeicyCommon.m */ = {isa = PBXFileReference; lastKnownFileType = sourcecode.c.objc; path = "UIButton+WeicyCommon.m"; sourceTree = "<group>"; };
		F524184F25831DDA003713B8 /* NSString+WeicyCommon.h */ = {isa = PBXFileReference; lastKnownFileType = sourcecode.c.h; path = "NSString+WeicyCommon.h"; sourceTree = "<group>"; };
		F524185025831DDA003713B8 /* NSString+WeicyCommon.m */ = {isa = PBXFileReference; lastKnownFileType = sourcecode.c.objc; path = "NSString+WeicyCommon.m"; sourceTree = "<group>"; };
		F52418552583204E003713B8 /* NSData+WeicyCommon.h */ = {isa = PBXFileReference; lastKnownFileType = sourcecode.c.h; path = "NSData+WeicyCommon.h"; sourceTree = "<group>"; };
		F52418562583204E003713B8 /* NSData+WeicyCommon.m */ = {isa = PBXFileReference; lastKnownFileType = sourcecode.c.objc; path = "NSData+WeicyCommon.m"; sourceTree = "<group>"; };
		F554012025876CF500284586 /* UIGestureRecognizer+WeicyCommon.h */ = {isa = PBXFileReference; lastKnownFileType = sourcecode.c.h; path = "UIGestureRecognizer+WeicyCommon.h"; sourceTree = "<group>"; };
		F554012125876CF500284586 /* UIGestureRecognizer+WeicyCommon.m */ = {isa = PBXFileReference; lastKnownFileType = sourcecode.c.objc; path = "UIGestureRecognizer+WeicyCommon.m"; sourceTree = "<group>"; };
		F569FA7D25A2F874000835DE /* UIViewController+ImagePickerManager.m */ = {isa = PBXFileReference; fileEncoding = 4; lastKnownFileType = sourcecode.c.objc; path = "UIViewController+ImagePickerManager.m"; sourceTree = "<group>"; };
		F569FA7E25A2F874000835DE /* UIViewController+ImagePickerManager.h */ = {isa = PBXFileReference; fileEncoding = 4; lastKnownFileType = sourcecode.c.h; path = "UIViewController+ImagePickerManager.h"; sourceTree = "<group>"; };
		F572D1EA2591A23300594AE3 /* UILabel+WeicyCommon.h */ = {isa = PBXFileReference; lastKnownFileType = sourcecode.c.h; path = "UILabel+WeicyCommon.h"; sourceTree = "<group>"; };
		F572D1EB2591A23300594AE3 /* UILabel+WeicyCommon.m */ = {isa = PBXFileReference; lastKnownFileType = sourcecode.c.objc; path = "UILabel+WeicyCommon.m"; sourceTree = "<group>"; };
		F572D2CC2593257800594AE3 /* UIControl+WeicyAddForCombo.h */ = {isa = PBXFileReference; fileEncoding = 4; lastKnownFileType = sourcecode.c.h; path = "UIControl+WeicyAddForCombo.h"; sourceTree = "<group>"; };
		F572D2CD2593257800594AE3 /* UIControl+WeicyAddForCombo.m */ = {isa = PBXFileReference; fileEncoding = 4; lastKnownFileType = sourcecode.c.objc; path = "UIControl+WeicyAddForCombo.m"; sourceTree = "<group>"; };
		F572D33025942BB000594AE3 /* WeicyCommonMacros.h */ = {isa = PBXFileReference; lastKnownFileType = sourcecode.c.h; path = WeicyCommonMacros.h; sourceTree = "<group>"; };
		F572D3B42595831000594AE3 /* AppDelegate+WeicyGT.m */ = {isa = PBXFileReference; fileEncoding = 4; lastKnownFileType = sourcecode.c.objc; path = "AppDelegate+WeicyGT.m"; sourceTree = "<group>"; };
		F572D3B52595831000594AE3 /* AppDelegate+WeicyGT.h */ = {isa = PBXFileReference; fileEncoding = 4; lastKnownFileType = sourcecode.c.h; path = "AppDelegate+WeicyGT.h"; sourceTree = "<group>"; };
		F574B4AD25B049E5000ADB62 /* ZCChinaLocation.m */ = {isa = PBXFileReference; fileEncoding = 4; lastKnownFileType = sourcecode.c.objc; path = ZCChinaLocation.m; sourceTree = "<group>"; };
		F574B4AE25B049E5000ADB62 /* ZCChinaLocation.h */ = {isa = PBXFileReference; fileEncoding = 4; lastKnownFileType = sourcecode.c.h; path = ZCChinaLocation.h; sourceTree = "<group>"; };
		F574B50125B530B3000ADB62 /* LBSystemPhotoPicker.m */ = {isa = PBXFileReference; fileEncoding = 4; lastKnownFileType = sourcecode.c.objc; path = LBSystemPhotoPicker.m; sourceTree = "<group>"; };
		F574B50225B530B3000ADB62 /* LBSystemPhotoPicker.h */ = {isa = PBXFileReference; fileEncoding = 4; lastKnownFileType = sourcecode.c.h; path = LBSystemPhotoPicker.h; sourceTree = "<group>"; };
		F574B59425B576C2000ADB62 /* UIView+Visuals_yf.m */ = {isa = PBXFileReference; fileEncoding = 4; lastKnownFileType = sourcecode.c.objc; path = "UIView+Visuals_yf.m"; sourceTree = "<group>"; };
		F574B59525B576C2000ADB62 /* UIView+draggable_yf.h */ = {isa = PBXFileReference; fileEncoding = 4; lastKnownFileType = sourcecode.c.h; path = "UIView+draggable_yf.h"; sourceTree = "<group>"; };
		F574B59625B576C2000ADB62 /* UIView+Animation_yf.h */ = {isa = PBXFileReference; fileEncoding = 4; lastKnownFileType = sourcecode.c.h; path = "UIView+Animation_yf.h"; sourceTree = "<group>"; };
		F574B59725B576C2000ADB62 /* UIView+CustomBorder_yf.m */ = {isa = PBXFileReference; fileEncoding = 4; lastKnownFileType = sourcecode.c.objc; path = "UIView+CustomBorder_yf.m"; sourceTree = "<group>"; };
		F574B59825B576C2000ADB62 /* UIView+Shake_yf.m */ = {isa = PBXFileReference; fileEncoding = 4; lastKnownFileType = sourcecode.c.objc; path = "UIView+Shake_yf.m"; sourceTree = "<group>"; };
		F574B59925B576C2000ADB62 /* UIView+Visuals_yf.h */ = {isa = PBXFileReference; fileEncoding = 4; lastKnownFileType = sourcecode.c.h; path = "UIView+Visuals_yf.h"; sourceTree = "<group>"; };
		F574B59A25B576C2000ADB62 /* UIView+draggable_yf.m */ = {isa = PBXFileReference; fileEncoding = 4; lastKnownFileType = sourcecode.c.objc; path = "UIView+draggable_yf.m"; sourceTree = "<group>"; };
		F574B59B25B576C2000ADB62 /* UIView+Animation_yf.m */ = {isa = PBXFileReference; fileEncoding = 4; lastKnownFileType = sourcecode.c.objc; path = "UIView+Animation_yf.m"; sourceTree = "<group>"; };
		F574B59C25B576C2000ADB62 /* UIView+Shake_yf.h */ = {isa = PBXFileReference; fileEncoding = 4; lastKnownFileType = sourcecode.c.h; path = "UIView+Shake_yf.h"; sourceTree = "<group>"; };
		F574B59D25B576C2000ADB62 /* UIView+CustomBorder_yf.h */ = {isa = PBXFileReference; fileEncoding = 4; lastKnownFileType = sourcecode.c.h; path = "UIView+CustomBorder_yf.h"; sourceTree = "<group>"; };
		F574B5AA25B577BD000ADB62 /* UITextField+Shake_yf.h */ = {isa = PBXFileReference; fileEncoding = 4; lastKnownFileType = sourcecode.c.h; path = "UITextField+Shake_yf.h"; sourceTree = "<group>"; };
		F574B5AB25B577BD000ADB62 /* UITextField+Shake_yf.m */ = {isa = PBXFileReference; fileEncoding = 4; lastKnownFileType = sourcecode.c.objc; path = "UITextField+Shake_yf.m"; sourceTree = "<group>"; };
		F574B5E725B586CA000ADB62 /* UITextField+Extension_yf.m */ = {isa = PBXFileReference; fileEncoding = 4; lastKnownFileType = sourcecode.c.objc; path = "UITextField+Extension_yf.m"; sourceTree = "<group>"; };
		F574B5E825B586CA000ADB62 /* UITextField+Extension_yf.h */ = {isa = PBXFileReference; fileEncoding = 4; lastKnownFileType = sourcecode.c.h; path = "UITextField+Extension_yf.h"; sourceTree = "<group>"; };
		F574B5FE25B58FB7000ADB62 /* UINavigationItem+Loading.m */ = {isa = PBXFileReference; fileEncoding = 4; lastKnownFileType = sourcecode.c.objc; path = "UINavigationItem+Loading.m"; sourceTree = "<group>"; };
		F574B5FF25B58FB7000ADB62 /* UINavigationItem+Loading.h */ = {isa = PBXFileReference; fileEncoding = 4; lastKnownFileType = sourcecode.c.h; path = "UINavigationItem+Loading.h"; sourceTree = "<group>"; };
		F574B60625B5904B000ADB62 /* UITextView+PlaceHolder_yf.h */ = {isa = PBXFileReference; fileEncoding = 4; lastKnownFileType = sourcecode.c.h; path = "UITextView+PlaceHolder_yf.h"; sourceTree = "<group>"; };
		F574B60725B5904B000ADB62 /* UITextView+PlaceHolder_yf.m */ = {isa = PBXFileReference; fileEncoding = 4; lastKnownFileType = sourcecode.c.objc; path = "UITextView+PlaceHolder_yf.m"; sourceTree = "<group>"; };
		F574B60825B5904B000ADB62 /* UITextView+Select_yf.m */ = {isa = PBXFileReference; fileEncoding = 4; lastKnownFileType = sourcecode.c.objc; path = "UITextView+Select_yf.m"; sourceTree = "<group>"; };
		F574B60925B5904B000ADB62 /* UITextView+Select_yf.h */ = {isa = PBXFileReference; fileEncoding = 4; lastKnownFileType = sourcecode.c.h; path = "UITextView+Select_yf.h"; sourceTree = "<group>"; };
		F58F2C8925A5975C0024DB83 /* YYTimer.h */ = {isa = PBXFileReference; fileEncoding = 4; lastKnownFileType = sourcecode.c.h; path = YYTimer.h; sourceTree = "<group>"; };
		F58F2C8A25A5975C0024DB83 /* YYTimer.m */ = {isa = PBXFileReference; fileEncoding = 4; lastKnownFileType = sourcecode.c.objc; path = YYTimer.m; sourceTree = "<group>"; };
		F5953952257A1FA500D87FDA /* UIView+Toast.h */ = {isa = PBXFileReference; fileEncoding = 4; lastKnownFileType = sourcecode.c.h; path = "UIView+Toast.h"; sourceTree = "<group>"; };
		F5953953257A1FA500D87FDA /* UIView+Toast.m */ = {isa = PBXFileReference; fileEncoding = 4; lastKnownFileType = sourcecode.c.objc; path = "UIView+Toast.m"; sourceTree = "<group>"; };
		F5B5AF88259C614A0057AE11 /* WeicyMacro.h */ = {isa = PBXFileReference; lastKnownFileType = sourcecode.c.h; path = WeicyMacro.h; sourceTree = "<group>"; };
		F5B5AF8C259C61BD0057AE11 /* WeicyCommonGCDMacro.h */ = {isa = PBXFileReference; lastKnownFileType = sourcecode.c.h; path = WeicyCommonGCDMacro.h; sourceTree = "<group>"; };
		F5B5AF96259C71530057AE11 /* AppDelegate+WeicyUM.h */ = {isa = PBXFileReference; lastKnownFileType = sourcecode.c.h; path = "AppDelegate+WeicyUM.h"; sourceTree = "<group>"; };
		F5B5AF97259C71530057AE11 /* AppDelegate+WeicyUM.m */ = {isa = PBXFileReference; lastKnownFileType = sourcecode.c.objc; path = "AppDelegate+WeicyUM.m"; sourceTree = "<group>"; };
		F5B5B24B259EEED10057AE11 /* WQLanguage.h */ = {isa = PBXFileReference; fileEncoding = 4; lastKnownFileType = sourcecode.c.h; path = WQLanguage.h; sourceTree = "<group>"; };
		F5B5B24C259EEED10057AE11 /* WQLanguage.m */ = {isa = PBXFileReference; fileEncoding = 4; lastKnownFileType = sourcecode.c.objc; path = WQLanguage.m; sourceTree = "<group>"; };
		F5B5B252259EEEDD0057AE11 /* LocalConnection.h */ = {isa = PBXFileReference; fileEncoding = 4; lastKnownFileType = sourcecode.c.h; path = LocalConnection.h; sourceTree = "<group>"; };
		F5B5B253259EEEDD0057AE11 /* LocalConnection.m */ = {isa = PBXFileReference; fileEncoding = 4; lastKnownFileType = sourcecode.c.objc; path = LocalConnection.m; sourceTree = "<group>"; };
		F5D867D02575DC6300A251B5 /* Common.app */ = {isa = PBXFileReference; explicitFileType = wrapper.application; includeInIndex = 0; path = Common.app; sourceTree = BUILT_PRODUCTS_DIR; };
		F5D867D32575DC6300A251B5 /* AppDelegate.h */ = {isa = PBXFileReference; lastKnownFileType = sourcecode.c.h; path = AppDelegate.h; sourceTree = "<group>"; };
		F5D867D42575DC6300A251B5 /* AppDelegate.m */ = {isa = PBXFileReference; lastKnownFileType = sourcecode.c.objc; path = AppDelegate.m; sourceTree = "<group>"; };
		F5D867D92575DC6300A251B5 /* ViewController.h */ = {isa = PBXFileReference; lastKnownFileType = sourcecode.c.h; path = ViewController.h; sourceTree = "<group>"; };
		F5D867DA2575DC6300A251B5 /* ViewController.m */ = {isa = PBXFileReference; lastKnownFileType = sourcecode.c.objc; path = ViewController.m; sourceTree = "<group>"; };
		F5D867DD2575DC6300A251B5 /* Base */ = {isa = PBXFileReference; lastKnownFileType = file.storyboard; name = Base; path = Base.lproj/Main.storyboard; sourceTree = "<group>"; };
		F5D867DF2575DC6500A251B5 /* Assets.xcassets */ = {isa = PBXFileReference; lastKnownFileType = folder.assetcatalog; path = Assets.xcassets; sourceTree = "<group>"; };
		F5D867E22575DC6500A251B5 /* Base */ = {isa = PBXFileReference; lastKnownFileType = file.storyboard; name = Base; path = Base.lproj/LaunchScreen.storyboard; sourceTree = "<group>"; };
		F5D867E42575DC6500A251B5 /* Info.plist */ = {isa = PBXFileReference; lastKnownFileType = text.plist.xml; path = Info.plist; sourceTree = "<group>"; };
		F5D867E52575DC6500A251B5 /* main.m */ = {isa = PBXFileReference; lastKnownFileType = sourcecode.c.objc; path = main.m; sourceTree = "<group>"; };
		F5D867EB2575DC6500A251B5 /* CommonTests.xctest */ = {isa = PBXFileReference; explicitFileType = wrapper.cfbundle; includeInIndex = 0; path = CommonTests.xctest; sourceTree = BUILT_PRODUCTS_DIR; };
		F5D867EF2575DC6500A251B5 /* CommonTests.m */ = {isa = PBXFileReference; lastKnownFileType = sourcecode.c.objc; path = CommonTests.m; sourceTree = "<group>"; };
		F5D867F12575DC6500A251B5 /* Info.plist */ = {isa = PBXFileReference; lastKnownFileType = text.plist.xml; path = Info.plist; sourceTree = "<group>"; };
		F5D867F62575DC6500A251B5 /* CommonUITests.xctest */ = {isa = PBXFileReference; explicitFileType = wrapper.cfbundle; includeInIndex = 0; path = CommonUITests.xctest; sourceTree = BUILT_PRODUCTS_DIR; };
		F5D867FA2575DC6500A251B5 /* CommonUITests.m */ = {isa = PBXFileReference; lastKnownFileType = sourcecode.c.objc; path = CommonUITests.m; sourceTree = "<group>"; };
		F5D867FC2575DC6500A251B5 /* Info.plist */ = {isa = PBXFileReference; lastKnownFileType = text.plist.xml; path = Info.plist; sourceTree = "<group>"; };
		F5D868182575DCDC00A251B5 /* WeicyCommon.h */ = {isa = PBXFileReference; lastKnownFileType = sourcecode.c.h; path = WeicyCommon.h; sourceTree = "<group>"; };
		F5D8681A2575DD3000A251B5 /* WeicyCategory.h */ = {isa = PBXFileReference; lastKnownFileType = sourcecode.c.h; path = WeicyCategory.h; sourceTree = "<group>"; };
		F5D8681B2575DE0700A251B5 /* NSArray+WeicyCommon.h */ = {isa = PBXFileReference; lastKnownFileType = sourcecode.c.h; path = "NSArray+WeicyCommon.h"; sourceTree = "<group>"; };
		F5D8681C2575DE0700A251B5 /* NSArray+WeicyCommon.m */ = {isa = PBXFileReference; lastKnownFileType = sourcecode.c.objc; path = "NSArray+WeicyCommon.m"; sourceTree = "<group>"; };
		F5D8683F2575EC7900A251B5 /* NSDate+WeicyCommon.h */ = {isa = PBXFileReference; lastKnownFileType = sourcecode.c.h; path = "NSDate+WeicyCommon.h"; sourceTree = "<group>"; };
		F5D868402575EC7900A251B5 /* NSDate+WeicyCommon.m */ = {isa = PBXFileReference; lastKnownFileType = sourcecode.c.objc; path = "NSDate+WeicyCommon.m"; sourceTree = "<group>"; };
		F5D868472575F24800A251B5 /* WeicyTool.h */ = {isa = PBXFileReference; lastKnownFileType = sourcecode.c.h; path = WeicyTool.h; sourceTree = "<group>"; };
		F5D868482575F2E500A251B5 /* WeciyEncryptStringTool.h */ = {isa = PBXFileReference; lastKnownFileType = sourcecode.c.h; path = WeciyEncryptStringTool.h; sourceTree = "<group>"; };
		F5D868492575F2E500A251B5 /* WeciyEncryptStringTool.m */ = {isa = PBXFileReference; lastKnownFileType = sourcecode.c.objc; path = WeciyEncryptStringTool.m; sourceTree = "<group>"; };
		F5D868512576138100A251B5 /* NSDictionary+WeicyCommon.h */ = {isa = PBXFileReference; lastKnownFileType = sourcecode.c.h; path = "NSDictionary+WeicyCommon.h"; sourceTree = "<group>"; };
		F5D868522576138100A251B5 /* NSDictionary+WeicyCommon.m */ = {isa = PBXFileReference; lastKnownFileType = sourcecode.c.objc; path = "NSDictionary+WeicyCommon.m"; sourceTree = "<group>"; };
		F5D868582576164E00A251B5 /* WeicyGCDTimerTool.h */ = {isa = PBXFileReference; lastKnownFileType = sourcecode.c.h; path = WeicyGCDTimerTool.h; sourceTree = "<group>"; };
		F5D868592576164E00A251B5 /* WeicyGCDTimerTool.m */ = {isa = PBXFileReference; lastKnownFileType = sourcecode.c.objc; path = WeicyGCDTimerTool.m; sourceTree = "<group>"; };
		F5D8685E2576173F00A251B5 /* WeicyRegularExpressionTool.h */ = {isa = PBXFileReference; lastKnownFileType = sourcecode.c.h; path = WeicyRegularExpressionTool.h; sourceTree = "<group>"; };
		F5D8685F2576173F00A251B5 /* WeicyRegularExpressionTool.m */ = {isa = PBXFileReference; lastKnownFileType = sourcecode.c.objc; path = WeicyRegularExpressionTool.m; sourceTree = "<group>"; };
		F5D8686725762F5700A251B5 /* WeicyJumpTool.h */ = {isa = PBXFileReference; lastKnownFileType = sourcecode.c.h; path = WeicyJumpTool.h; sourceTree = "<group>"; };
		F5D8686825762F5700A251B5 /* WeicyJumpTool.m */ = {isa = PBXFileReference; lastKnownFileType = sourcecode.c.objc; path = WeicyJumpTool.m; sourceTree = "<group>"; };
		F5D868702576340400A251B5 /* WeicyAppTool.h */ = {isa = PBXFileReference; lastKnownFileType = sourcecode.c.h; path = WeicyAppTool.h; sourceTree = "<group>"; };
		F5D868712576340400A251B5 /* WeicyAppTool.m */ = {isa = PBXFileReference; lastKnownFileType = sourcecode.c.objc; path = WeicyAppTool.m; sourceTree = "<group>"; };
		F5D8689C25763F8A00A251B5 /* UIColor+WeicyCommon.h */ = {isa = PBXFileReference; lastKnownFileType = sourcecode.c.h; path = "UIColor+WeicyCommon.h"; sourceTree = "<group>"; };
		F5D8689D25763F8A00A251B5 /* UIColor+WeicyCommon.m */ = {isa = PBXFileReference; lastKnownFileType = sourcecode.c.objc; path = "UIColor+WeicyCommon.m"; sourceTree = "<group>"; };
		F5D8690B257646A300A251B5 /* UIDevice+WeicyCommon.h */ = {isa = PBXFileReference; lastKnownFileType = sourcecode.c.h; path = "UIDevice+WeicyCommon.h"; sourceTree = "<group>"; };
		F5D8690C257646A300A251B5 /* UIDevice+WeicyCommon.m */ = {isa = PBXFileReference; lastKnownFileType = sourcecode.c.objc; path = "UIDevice+WeicyCommon.m"; sourceTree = "<group>"; };
		F5D8693F25772F2100A251B5 /* UIApplication+WeicyCommon.h */ = {isa = PBXFileReference; lastKnownFileType = sourcecode.c.h; path = "UIApplication+WeicyCommon.h"; sourceTree = "<group>"; };
		F5D8694025772F2100A251B5 /* UIApplication+WeicyCommon.m */ = {isa = PBXFileReference; lastKnownFileType = sourcecode.c.objc; path = "UIApplication+WeicyCommon.m"; sourceTree = "<group>"; };
		F5D8694525772FD000A251B5 /* UIView+WeicyCorners.h */ = {isa = PBXFileReference; lastKnownFileType = sourcecode.c.h; path = "UIView+WeicyCorners.h"; sourceTree = "<group>"; };
		F5D8694625772FD000A251B5 /* UIView+WeicyCorners.m */ = {isa = PBXFileReference; lastKnownFileType = sourcecode.c.objc; path = "UIView+WeicyCorners.m"; sourceTree = "<group>"; };
		F5D8694B2577398000A251B5 /* UIControl+WeicyCommon.h */ = {isa = PBXFileReference; lastKnownFileType = sourcecode.c.h; path = "UIControl+WeicyCommon.h"; sourceTree = "<group>"; };
		F5D8694C2577398000A251B5 /* UIControl+WeicyCommon.m */ = {isa = PBXFileReference; lastKnownFileType = sourcecode.c.objc; path = "UIControl+WeicyCommon.m"; sourceTree = "<group>"; };
		F5D8697325776CCD00A251B5 /* UIView+WeicyCommon.h */ = {isa = PBXFileReference; lastKnownFileType = sourcecode.c.h; path = "UIView+WeicyCommon.h"; sourceTree = "<group>"; };
		F5D8697425776CCD00A251B5 /* UIView+WeicyCommon.m */ = {isa = PBXFileReference; lastKnownFileType = sourcecode.c.objc; path = "UIView+WeicyCommon.m"; sourceTree = "<group>"; };
		F5E90BEE25AE993400064D1F /* UITableView+YYAdd.m */ = {isa = PBXFileReference; fileEncoding = 4; lastKnownFileType = sourcecode.c.objc; path = "UITableView+YYAdd.m"; sourceTree = "<group>"; };
		F5E90BEF25AE993400064D1F /* UITableView+YYAdd.h */ = {isa = PBXFileReference; fileEncoding = 4; lastKnownFileType = sourcecode.c.h; path = "UITableView+YYAdd.h"; sourceTree = "<group>"; };
/* End PBXFileReference section */

/* Begin PBXFrameworksBuildPhase section */
		F5D867CD2575DC6300A251B5 /* Frameworks */ = {
			isa = PBXFrameworksBuildPhase;
			buildActionMask = 2147483647;
			files = (
			);
			runOnlyForDeploymentPostprocessing = 0;
		};
		F5D867E82575DC6500A251B5 /* Frameworks */ = {
			isa = PBXFrameworksBuildPhase;
			buildActionMask = 2147483647;
			files = (
			);
			runOnlyForDeploymentPostprocessing = 0;
		};
		F5D867F32575DC6500A251B5 /* Frameworks */ = {
			isa = PBXFrameworksBuildPhase;
			buildActionMask = 2147483647;
			files = (
			);
			runOnlyForDeploymentPostprocessing = 0;
		};
/* End PBXFrameworksBuildPhase section */

/* Begin PBXGroup section */
		F52417FE2581ECAE003713B8 /* Foundation */ = {
			isa = PBXGroup;
			children = (
				F5D8681B2575DE0700A251B5 /* NSArray+WeicyCommon.h */,
				F5D8681C2575DE0700A251B5 /* NSArray+WeicyCommon.m */,
				F5D8683F2575EC7900A251B5 /* NSDate+WeicyCommon.h */,
				F5D868402575EC7900A251B5 /* NSDate+WeicyCommon.m */,
				F5D868512576138100A251B5 /* NSDictionary+WeicyCommon.h */,
				F5D868522576138100A251B5 /* NSDictionary+WeicyCommon.m */,
				F524184F25831DDA003713B8 /* NSString+WeicyCommon.h */,
				F524185025831DDA003713B8 /* NSString+WeicyCommon.m */,
				F52418552583204E003713B8 /* NSData+WeicyCommon.h */,
				F52418562583204E003713B8 /* NSData+WeicyCommon.m */,
			);
			path = Foundation;
			sourceTree = "<group>";
		};
		F52418022581ECE7003713B8 /* UIKit */ = {
			isa = PBXGroup;
			children = (
				F5D8689C25763F8A00A251B5 /* UIColor+WeicyCommon.h */,
				F5D8689D25763F8A00A251B5 /* UIColor+WeicyCommon.m */,
				F5D8690B257646A300A251B5 /* UIDevice+WeicyCommon.h */,
				F5D8690C257646A300A251B5 /* UIDevice+WeicyCommon.m */,
				F5D8693F25772F2100A251B5 /* UIApplication+WeicyCommon.h */,
				F5D8694025772F2100A251B5 /* UIApplication+WeicyCommon.m */,
				F5D8694525772FD000A251B5 /* UIView+WeicyCorners.h */,
				F5D8694625772FD000A251B5 /* UIView+WeicyCorners.m */,
				F5D8694B2577398000A251B5 /* UIControl+WeicyCommon.h */,
				F5D8694C2577398000A251B5 /* UIControl+WeicyCommon.m */,
				F5D8697325776CCD00A251B5 /* UIView+WeicyCommon.h */,
				F5D8697425776CCD00A251B5 /* UIView+WeicyCommon.m */,
				F5953952257A1FA500D87FDA /* UIView+Toast.h */,
				F5953953257A1FA500D87FDA /* UIView+Toast.m */,
				F52417F72581C9DA003713B8 /* UIImage+WeicyCommon.h */,
				F52417F82581C9DA003713B8 /* UIImage+WeicyCommon.m */,
				F524180925820761003713B8 /* UIScrollView+WeicyCommon.h */,
				F524180A25820761003713B8 /* UIScrollView+WeicyCommon.m */,
				F52418242582FF55003713B8 /* UIButton+WeicyCommon.h */,
				F52418252582FF55003713B8 /* UIButton+WeicyCommon.m */,
				F554012025876CF500284586 /* UIGestureRecognizer+WeicyCommon.h */,
				F554012125876CF500284586 /* UIGestureRecognizer+WeicyCommon.m */,
				F572D1EA2591A23300594AE3 /* UILabel+WeicyCommon.h */,
				F572D1EB2591A23300594AE3 /* UILabel+WeicyCommon.m */,
			);
			path = UIKit;
			sourceTree = "<group>";
		};
		F572D2CB2593256200594AE3 /* Action */ = {
			isa = PBXGroup;
			children = (
				F574B5FF25B58FB7000ADB62 /* UINavigationItem+Loading.h */,
				F574B5FE25B58FB7000ADB62 /* UINavigationItem+Loading.m */,
				F574B5E625B586B0000ADB62 /* UIText */,
				F574B59325B576C2000ADB62 /* UIView */,
				F574B4AE25B049E5000ADB62 /* ZCChinaLocation.h */,
				F574B4AD25B049E5000ADB62 /* ZCChinaLocation.m */,
				F5E90BED25AE993400064D1F /* Tableview */,
				F5E90BEB25AE98E600064D1F /* YYTimer */,
				F5E90BEA25AE98CB00064D1F /* 友盟 */,
				F574B4FF25B53080000ADB62 /* 相机相册 */,
				F5B5B251259EEEDD0057AE11 /* Connection */,
				F5B5B24A259EEED10057AE11 /* Global */,
				F5E90BE925AE98B100064D1F /* 个推 */,
				F5E90BEC25AE990000064D1F /* 点击间隔 */,
			);
			path = Action;
			sourceTree = "<group>";
		};
		F574B4FF25B53080000ADB62 /* 相机相册 */ = {
			isa = PBXGroup;
			children = (
				F574B50025B530B3000ADB62 /* LBSystemPhotoPicker */,
				F569FA7E25A2F874000835DE /* UIViewController+ImagePickerManager.h */,
				F569FA7D25A2F874000835DE /* UIViewController+ImagePickerManager.m */,
			);
			path = "相机相册";
			sourceTree = "<group>";
		};
		F574B50025B530B3000ADB62 /* LBSystemPhotoPicker */ = {
			isa = PBXGroup;
			children = (
				F574B50125B530B3000ADB62 /* LBSystemPhotoPicker.m */,
				F574B50225B530B3000ADB62 /* LBSystemPhotoPicker.h */,
			);
			path = LBSystemPhotoPicker;
			sourceTree = "<group>";
		};
		F574B59325B576C2000ADB62 /* UIView */ = {
			isa = PBXGroup;
			children = (
				F574B59425B576C2000ADB62 /* UIView+Visuals_yf.m */,
				F574B59525B576C2000ADB62 /* UIView+draggable_yf.h */,
				F574B59625B576C2000ADB62 /* UIView+Animation_yf.h */,
				F574B59725B576C2000ADB62 /* UIView+CustomBorder_yf.m */,
				F574B59825B576C2000ADB62 /* UIView+Shake_yf.m */,
				F574B59925B576C2000ADB62 /* UIView+Visuals_yf.h */,
				F574B59A25B576C2000ADB62 /* UIView+draggable_yf.m */,
				F574B59B25B576C2000ADB62 /* UIView+Animation_yf.m */,
				F574B59C25B576C2000ADB62 /* UIView+Shake_yf.h */,
				F574B59D25B576C2000ADB62 /* UIView+CustomBorder_yf.h */,
			);
			path = UIView;
			sourceTree = "<group>";
		};
		F574B5E625B586B0000ADB62 /* UIText */ = {
			isa = PBXGroup;
			children = (
				F574B60625B5904B000ADB62 /* UITextView+PlaceHolder_yf.h */,
				F574B60725B5904B000ADB62 /* UITextView+PlaceHolder_yf.m */,
				F574B60925B5904B000ADB62 /* UITextView+Select_yf.h */,
				F574B60825B5904B000ADB62 /* UITextView+Select_yf.m */,
				F574B5AA25B577BD000ADB62 /* UITextField+Shake_yf.h */,
				F574B5E825B586CA000ADB62 /* UITextField+Extension_yf.h */,
				F574B5E725B586CA000ADB62 /* UITextField+Extension_yf.m */,
				F574B5AB25B577BD000ADB62 /* UITextField+Shake_yf.m */,
			);
			path = UIText;
			sourceTree = "<group>";
		};
		F5B5AF87259C61140057AE11 /* Macro */ = {
			isa = PBXGroup;
			children = (
				F572D33025942BB000594AE3 /* WeicyCommonMacros.h */,
				F5B5AF8C259C61BD0057AE11 /* WeicyCommonGCDMacro.h */,
				F5B5AF88259C614A0057AE11 /* WeicyMacro.h */,
			);
			path = Macro;
			sourceTree = "<group>";
		};
		F5B5B24A259EEED10057AE11 /* Global */ = {
			isa = PBXGroup;
			children = (
				F5B5B24B259EEED10057AE11 /* WQLanguage.h */,
				F5B5B24C259EEED10057AE11 /* WQLanguage.m */,
			);
			path = Global;
			sourceTree = "<group>";
		};
		F5B5B251259EEEDD0057AE11 /* Connection */ = {
			isa = PBXGroup;
			children = (
				F5B5B252259EEEDD0057AE11 /* LocalConnection.h */,
				F5B5B253259EEEDD0057AE11 /* LocalConnection.m */,
			);
			path = Connection;
			sourceTree = "<group>";
		};
		F5D867C72575DC6300A251B5 = {
			isa = PBXGroup;
			children = (
				F5D867D22575DC6300A251B5 /* Common */,
				F5D867EE2575DC6500A251B5 /* CommonTests */,
				F5D867F92575DC6500A251B5 /* CommonUITests */,
				F5D867D12575DC6300A251B5 /* Products */,
			);
			sourceTree = "<group>";
		};
		F5D867D12575DC6300A251B5 /* Products */ = {
			isa = PBXGroup;
			children = (
				F5D867D02575DC6300A251B5 /* Common.app */,
				F5D867EB2575DC6500A251B5 /* CommonTests.xctest */,
				F5D867F62575DC6500A251B5 /* CommonUITests.xctest */,
			);
			name = Products;
			sourceTree = "<group>";
		};
		F5D867D22575DC6300A251B5 /* Common */ = {
			isa = PBXGroup;
			children = (
				F5D8680B2575DC7400A251B5 /* WeicyCommon */,
				F5D867D32575DC6300A251B5 /* AppDelegate.h */,
				F5D867D42575DC6300A251B5 /* AppDelegate.m */,
				F5D867D92575DC6300A251B5 /* ViewController.h */,
				F5D867DA2575DC6300A251B5 /* ViewController.m */,
				F5E90C0E25AEC4D000064D1F /* PhotoView */,
				F572D2CB2593256200594AE3 /* Action */,
				F5D867DC2575DC6300A251B5 /* Main.storyboard */,
				F5D867DF2575DC6500A251B5 /* Assets.xcassets */,
				F5D867E12575DC6500A251B5 /* LaunchScreen.storyboard */,
				F5D867E42575DC6500A251B5 /* Info.plist */,
				F5D867E52575DC6500A251B5 /* main.m */,
			);
			path = Common;
			sourceTree = "<group>";
		};
		F5D867EE2575DC6500A251B5 /* CommonTests */ = {
			isa = PBXGroup;
			children = (
				F5D867EF2575DC6500A251B5 /* CommonTests.m */,
				F5D867F12575DC6500A251B5 /* Info.plist */,
			);
			path = CommonTests;
			sourceTree = "<group>";
		};
		F5D867F92575DC6500A251B5 /* CommonUITests */ = {
			isa = PBXGroup;
			children = (
				F5D867FA2575DC6500A251B5 /* CommonUITests.m */,
				F5D867FC2575DC6500A251B5 /* Info.plist */,
			);
			path = CommonUITests;
			sourceTree = "<group>";
		};
		F5D8680B2575DC7400A251B5 /* WeicyCommon */ = {
			isa = PBXGroup;
			children = (
				F5B5AF87259C61140057AE11 /* Macro */,
				F5D868462575F22C00A251B5 /* Tool */,
				F5D868182575DCDC00A251B5 /* WeicyCommon.h */,
				F5D868192575DD1400A251B5 /* Category */,
			);
			path = WeicyCommon;
			sourceTree = "<group>";
		};
		F5D868192575DD1400A251B5 /* Category */ = {
			isa = PBXGroup;
			children = (
				F52418022581ECE7003713B8 /* UIKit */,
				F52417FE2581ECAE003713B8 /* Foundation */,
				F5D8681A2575DD3000A251B5 /* WeicyCategory.h */,
			);
			path = Category;
			sourceTree = "<group>";
		};
		F5D868462575F22C00A251B5 /* Tool */ = {
			isa = PBXGroup;
			children = (
				F5D868472575F24800A251B5 /* WeicyTool.h */,
				F5D868482575F2E500A251B5 /* WeciyEncryptStringTool.h */,
				F5D868492575F2E500A251B5 /* WeciyEncryptStringTool.m */,
				F5D868582576164E00A251B5 /* WeicyGCDTimerTool.h */,
				F5D868592576164E00A251B5 /* WeicyGCDTimerTool.m */,
				F5D8685E2576173F00A251B5 /* WeicyRegularExpressionTool.h */,
				F5D8685F2576173F00A251B5 /* WeicyRegularExpressionTool.m */,
				F5D8686725762F5700A251B5 /* WeicyJumpTool.h */,
				F5D8686825762F5700A251B5 /* WeicyJumpTool.m */,
				F5D868702576340400A251B5 /* WeicyAppTool.h */,
				F5D868712576340400A251B5 /* WeicyAppTool.m */,
			);
			path = Tool;
			sourceTree = "<group>";
		};
		F5E90BE925AE98B100064D1F /* 个推 */ = {
			isa = PBXGroup;
			children = (
				F572D3B52595831000594AE3 /* AppDelegate+WeicyGT.h */,
				F572D3B42595831000594AE3 /* AppDelegate+WeicyGT.m */,
			);
			path = "个推";
			sourceTree = "<group>";
		};
		F5E90BEA25AE98CB00064D1F /* 友盟 */ = {
			isa = PBXGroup;
			children = (
				F5B5AF96259C71530057AE11 /* AppDelegate+WeicyUM.h */,
				F5B5AF97259C71530057AE11 /* AppDelegate+WeicyUM.m */,
			);
			path = "友盟";
			sourceTree = "<group>";
		};
		F5E90BEB25AE98E600064D1F /* YYTimer */ = {
			isa = PBXGroup;
			children = (
				F58F2C8925A5975C0024DB83 /* YYTimer.h */,
				F58F2C8A25A5975C0024DB83 /* YYTimer.m */,
			);
			path = YYTimer;
			sourceTree = "<group>";
		};
		F5E90BEC25AE990000064D1F /* 点击间隔 */ = {
			isa = PBXGroup;
			children = (
				F572D2CD2593257800594AE3 /* UIControl+WeicyAddForCombo.m */,
				F572D2CC2593257800594AE3 /* UIControl+WeicyAddForCombo.h */,
			);
			path = "点击间隔";
			sourceTree = "<group>";
		};
		F5E90BED25AE993400064D1F /* Tableview */ = {
			isa = PBXGroup;
			children = (
				F5E90BEE25AE993400064D1F /* UITableView+YYAdd.m */,
				F5E90BEF25AE993400064D1F /* UITableView+YYAdd.h */,
			);
			path = Tableview;
			sourceTree = "<group>";
		};
		F5E90C0E25AEC4D000064D1F /* PhotoView */ = {
			isa = PBXGroup;
			children = (
			);
			path = PhotoView;
			sourceTree = "<group>";
		};
/* End PBXGroup section */

/* Begin PBXNativeTarget section */
		F5D867CF2575DC6300A251B5 /* Common */ = {
			isa = PBXNativeTarget;
			buildConfigurationList = F5D867FF2575DC6500A251B5 /* Build configuration list for PBXNativeTarget "Common" */;
			buildPhases = (
				F5D867CC2575DC6300A251B5 /* Sources */,
				F5D867CD2575DC6300A251B5 /* Frameworks */,
				F5D867CE2575DC6300A251B5 /* Resources */,
			);
			buildRules = (
			);
			dependencies = (
			);
			name = Common;
			productName = Common;
			productReference = F5D867D02575DC6300A251B5 /* Common.app */;
			productType = "com.apple.product-type.application";
		};
		F5D867EA2575DC6500A251B5 /* CommonTests */ = {
			isa = PBXNativeTarget;
			buildConfigurationList = F5D868022575DC6500A251B5 /* Build configuration list for PBXNativeTarget "CommonTests" */;
			buildPhases = (
				F5D867E72575DC6500A251B5 /* Sources */,
				F5D867E82575DC6500A251B5 /* Frameworks */,
				F5D867E92575DC6500A251B5 /* Resources */,
			);
			buildRules = (
			);
			dependencies = (
				F5D867ED2575DC6500A251B5 /* PBXTargetDependency */,
			);
			name = CommonTests;
			productName = CommonTests;
			productReference = F5D867EB2575DC6500A251B5 /* CommonTests.xctest */;
			productType = "com.apple.product-type.bundle.unit-test";
		};
		F5D867F52575DC6500A251B5 /* CommonUITests */ = {
			isa = PBXNativeTarget;
			buildConfigurationList = F5D868052575DC6500A251B5 /* Build configuration list for PBXNativeTarget "CommonUITests" */;
			buildPhases = (
				F5D867F22575DC6500A251B5 /* Sources */,
				F5D867F32575DC6500A251B5 /* Frameworks */,
				F5D867F42575DC6500A251B5 /* Resources */,
			);
			buildRules = (
			);
			dependencies = (
				F5D867F82575DC6500A251B5 /* PBXTargetDependency */,
			);
			name = CommonUITests;
			productName = CommonUITests;
			productReference = F5D867F62575DC6500A251B5 /* CommonUITests.xctest */;
			productType = "com.apple.product-type.bundle.ui-testing";
		};
/* End PBXNativeTarget section */

/* Begin PBXProject section */
		F5D867C82575DC6300A251B5 /* Project object */ = {
			isa = PBXProject;
			attributes = {
				LastUpgradeCheck = 1230;
				TargetAttributes = {
					F5D867CF2575DC6300A251B5 = {
						CreatedOnToolsVersion = 12.2;
					};
					F5D867EA2575DC6500A251B5 = {
						CreatedOnToolsVersion = 12.2;
						TestTargetID = F5D867CF2575DC6300A251B5;
					};
					F5D867F52575DC6500A251B5 = {
						CreatedOnToolsVersion = 12.2;
						TestTargetID = F5D867CF2575DC6300A251B5;
					};
				};
			};
			buildConfigurationList = F5D867CB2575DC6300A251B5 /* Build configuration list for PBXProject "Common" */;
			compatibilityVersion = "Xcode 9.3";
			developmentRegion = en;
			hasScannedForEncodings = 0;
			knownRegions = (
				en,
				Base,
			);
			mainGroup = F5D867C72575DC6300A251B5;
			productRefGroup = F5D867D12575DC6300A251B5 /* Products */;
			projectDirPath = "";
			projectRoot = "";
			targets = (
				F5D867CF2575DC6300A251B5 /* Common */,
				F5D867EA2575DC6500A251B5 /* CommonTests */,
				F5D867F52575DC6500A251B5 /* CommonUITests */,
			);
		};
/* End PBXProject section */

/* Begin PBXResourcesBuildPhase section */
		F5D867CE2575DC6300A251B5 /* Resources */ = {
			isa = PBXResourcesBuildPhase;
			buildActionMask = 2147483647;
			files = (
				F5D867E32575DC6500A251B5 /* LaunchScreen.storyboard in Resources */,
				F5D867E02575DC6500A251B5 /* Assets.xcassets in Resources */,
				F5D867DE2575DC6300A251B5 /* Main.storyboard in Resources */,
			);
			runOnlyForDeploymentPostprocessing = 0;
		};
		F5D867E92575DC6500A251B5 /* Resources */ = {
			isa = PBXResourcesBuildPhase;
			buildActionMask = 2147483647;
			files = (
			);
			runOnlyForDeploymentPostprocessing = 0;
		};
		F5D867F42575DC6500A251B5 /* Resources */ = {
			isa = PBXResourcesBuildPhase;
			buildActionMask = 2147483647;
			files = (
			);
			runOnlyForDeploymentPostprocessing = 0;
		};
/* End PBXResourcesBuildPhase section */

/* Begin PBXSourcesBuildPhase section */
		F5D867CC2575DC6300A251B5 /* Sources */ = {
			isa = PBXSourcesBuildPhase;
			buildActionMask = 2147483647;
			files = (
				F574B60A25B5904B000ADB62 /* UITextView+PlaceHolder_yf.m in Sources */,
				F5D8681D2575DE0700A251B5 /* NSArray+WeicyCommon.m in Sources */,
				F5D8694725772FD000A251B5 /* UIView+WeicyCorners.m in Sources */,
				F5D868532576138100A251B5 /* NSDictionary+WeicyCommon.m in Sources */,
				F574B59E25B576C2000ADB62 /* UIView+Visuals_yf.m in Sources */,
				F572D1EC2591A23300594AE3 /* UILabel+WeicyCommon.m in Sources */,
				F569FA7F25A2F874000835DE /* UIViewController+ImagePickerManager.m in Sources */,
				F52418572583204E003713B8 /* NSData+WeicyCommon.m in Sources */,
				F5D8684A2575F2E500A251B5 /* WeciyEncryptStringTool.m in Sources */,
				F5D867DB2575DC6300A251B5 /* ViewController.m in Sources */,
				F5D8694D2577398000A251B5 /* UIControl+WeicyCommon.m in Sources */,
				F574B60B25B5904B000ADB62 /* UITextView+Select_yf.m in Sources */,
				F524180B25820761003713B8 /* UIScrollView+WeicyCommon.m in Sources */,
				F5D8690D257646A300A251B5 /* UIDevice+WeicyCommon.m in Sources */,
				F574B60025B58FB7000ADB62 /* UINavigationItem+Loading.m in Sources */,
				F5953954257A1FA500D87FDA /* UIView+Toast.m in Sources */,
				F5D868602576173F00A251B5 /* WeicyRegularExpressionTool.m in Sources */,
				F574B4AF25B049E5000ADB62 /* ZCChinaLocation.m in Sources */,
				F5D868722576340400A251B5 /* WeicyAppTool.m in Sources */,
				F574B50325B530B3000ADB62 /* LBSystemPhotoPicker.m in Sources */,
				F52418262582FF55003713B8 /* UIButton+WeicyCommon.m in Sources */,
				F5D867D52575DC6300A251B5 /* AppDelegate.m in Sources */,
				F5D8694125772F2100A251B5 /* UIApplication+WeicyCommon.m in Sources */,
				F5E90BF025AE993400064D1F /* UITableView+YYAdd.m in Sources */,
				F554012225876CF500284586 /* UIGestureRecognizer+WeicyCommon.m in Sources */,
				F574B5E925B586CA000ADB62 /* UITextField+Extension_yf.m in Sources */,
				F574B5A025B576C2000ADB62 /* UIView+Shake_yf.m in Sources */,
				F574B59F25B576C2000ADB62 /* UIView+CustomBorder_yf.m in Sources */,
				F5D8697525776CCD00A251B5 /* UIView+WeicyCommon.m in Sources */,
				F572D2CE2593257800594AE3 /* UIControl+WeicyAddForCombo.m in Sources */,
				F574B5A225B576C2000ADB62 /* UIView+Animation_yf.m in Sources */,
				F5D8686925762F5700A251B5 /* WeicyJumpTool.m in Sources */,
				F5D8689E25763F8A00A251B5 /* UIColor+WeicyCommon.m in Sources */,
				F5B5B254259EEEDD0057AE11 /* LocalConnection.m in Sources */,
				F58F2C8B25A5975C0024DB83 /* YYTimer.m in Sources */,
				F572D3B62595831000594AE3 /* AppDelegate+WeicyGT.m in Sources */,
				F574B5AC25B577BD000ADB62 /* UITextField+Shake_yf.m in Sources */,
				F5B5AF98259C71530057AE11 /* AppDelegate+WeicyUM.m in Sources */,
				F5D868412575EC7900A251B5 /* NSDate+WeicyCommon.m in Sources */,
				F5D867E62575DC6500A251B5 /* main.m in Sources */,
				F5D8685A2576164E00A251B5 /* WeicyGCDTimerTool.m in Sources */,
				F5B5B24D259EEED10057AE11 /* WQLanguage.m in Sources */,
				F524185125831DDA003713B8 /* NSString+WeicyCommon.m in Sources */,
				F52417F92581C9DA003713B8 /* UIImage+WeicyCommon.m in Sources */,
				F574B5A125B576C2000ADB62 /* UIView+draggable_yf.m in Sources */,
			);
			runOnlyForDeploymentPostprocessing = 0;
		};
		F5D867E72575DC6500A251B5 /* Sources */ = {
			isa = PBXSourcesBuildPhase;
			buildActionMask = 2147483647;
			files = (
				F5D867F02575DC6500A251B5 /* CommonTests.m in Sources */,
			);
			runOnlyForDeploymentPostprocessing = 0;
		};
		F5D867F22575DC6500A251B5 /* Sources */ = {
			isa = PBXSourcesBuildPhase;
			buildActionMask = 2147483647;
			files = (
				F5D867FB2575DC6500A251B5 /* CommonUITests.m in Sources */,
			);
			runOnlyForDeploymentPostprocessing = 0;
		};
/* End PBXSourcesBuildPhase section */

/* Begin PBXTargetDependency section */
		F5D867ED2575DC6500A251B5 /* PBXTargetDependency */ = {
			isa = PBXTargetDependency;
			target = F5D867CF2575DC6300A251B5 /* Common */;
			targetProxy = F5D867EC2575DC6500A251B5 /* PBXContainerItemProxy */;
		};
		F5D867F82575DC6500A251B5 /* PBXTargetDependency */ = {
			isa = PBXTargetDependency;
			target = F5D867CF2575DC6300A251B5 /* Common */;
			targetProxy = F5D867F72575DC6500A251B5 /* PBXContainerItemProxy */;
		};
/* End PBXTargetDependency section */

/* Begin PBXVariantGroup section */
		F5D867DC2575DC6300A251B5 /* Main.storyboard */ = {
			isa = PBXVariantGroup;
			children = (
				F5D867DD2575DC6300A251B5 /* Base */,
			);
			name = Main.storyboard;
			sourceTree = "<group>";
		};
		F5D867E12575DC6500A251B5 /* LaunchScreen.storyboard */ = {
			isa = PBXVariantGroup;
			children = (
				F5D867E22575DC6500A251B5 /* Base */,
			);
			name = LaunchScreen.storyboard;
			sourceTree = "<group>";
		};
/* End PBXVariantGroup section */

/* Begin XCBuildConfiguration section */
		F5D867FD2575DC6500A251B5 /* Debug */ = {
			isa = XCBuildConfiguration;
			buildSettings = {
				ALWAYS_SEARCH_USER_PATHS = NO;
				CLANG_ANALYZER_NONNULL = YES;
				CLANG_ANALYZER_NUMBER_OBJECT_CONVERSION = YES_AGGRESSIVE;
				CLANG_CXX_LANGUAGE_STANDARD = "gnu++14";
				CLANG_CXX_LIBRARY = "libc++";
				CLANG_ENABLE_MODULES = YES;
				CLANG_ENABLE_OBJC_ARC = YES;
				CLANG_ENABLE_OBJC_WEAK = YES;
				CLANG_WARN_BLOCK_CAPTURE_AUTORELEASING = YES;
				CLANG_WARN_BOOL_CONVERSION = YES;
				CLANG_WARN_COMMA = YES;
				CLANG_WARN_CONSTANT_CONVERSION = YES;
				CLANG_WARN_DEPRECATED_OBJC_IMPLEMENTATIONS = YES;
				CLANG_WARN_DIRECT_OBJC_ISA_USAGE = YES_ERROR;
				CLANG_WARN_DOCUMENTATION_COMMENTS = YES;
				CLANG_WARN_EMPTY_BODY = YES;
				CLANG_WARN_ENUM_CONVERSION = YES;
				CLANG_WARN_INFINITE_RECURSION = YES;
				CLANG_WARN_INT_CONVERSION = YES;
				CLANG_WARN_NON_LITERAL_NULL_CONVERSION = YES;
				CLANG_WARN_OBJC_IMPLICIT_RETAIN_SELF = YES;
				CLANG_WARN_OBJC_LITERAL_CONVERSION = YES;
				CLANG_WARN_OBJC_ROOT_CLASS = YES_ERROR;
				CLANG_WARN_QUOTED_INCLUDE_IN_FRAMEWORK_HEADER = YES;
				CLANG_WARN_RANGE_LOOP_ANALYSIS = YES;
				CLANG_WARN_STRICT_PROTOTYPES = YES;
				CLANG_WARN_SUSPICIOUS_MOVE = YES;
				CLANG_WARN_UNGUARDED_AVAILABILITY = YES_AGGRESSIVE;
				CLANG_WARN_UNREACHABLE_CODE = YES;
				CLANG_WARN__DUPLICATE_METHOD_MATCH = YES;
				COPY_PHASE_STRIP = NO;
				DEBUG_INFORMATION_FORMAT = dwarf;
				ENABLE_STRICT_OBJC_MSGSEND = YES;
				ENABLE_TESTABILITY = YES;
				GCC_C_LANGUAGE_STANDARD = gnu11;
				GCC_DYNAMIC_NO_PIC = NO;
				GCC_NO_COMMON_BLOCKS = YES;
				GCC_OPTIMIZATION_LEVEL = 0;
				GCC_PREPROCESSOR_DEFINITIONS = (
					"DEBUG=1",
					"$(inherited)",
				);
				GCC_WARN_64_TO_32_BIT_CONVERSION = YES;
				GCC_WARN_ABOUT_RETURN_TYPE = YES_ERROR;
				GCC_WARN_UNDECLARED_SELECTOR = YES;
				GCC_WARN_UNINITIALIZED_AUTOS = YES_AGGRESSIVE;
				GCC_WARN_UNUSED_FUNCTION = YES;
				GCC_WARN_UNUSED_VARIABLE = YES;
				IPHONEOS_DEPLOYMENT_TARGET = 14.2;
				MTL_ENABLE_DEBUG_INFO = INCLUDE_SOURCE;
				MTL_FAST_MATH = YES;
				ONLY_ACTIVE_ARCH = YES;
				SDKROOT = iphoneos;
			};
			name = Debug;
		};
		F5D867FE2575DC6500A251B5 /* Release */ = {
			isa = XCBuildConfiguration;
			buildSettings = {
				ALWAYS_SEARCH_USER_PATHS = NO;
				CLANG_ANALYZER_NONNULL = YES;
				CLANG_ANALYZER_NUMBER_OBJECT_CONVERSION = YES_AGGRESSIVE;
				CLANG_CXX_LANGUAGE_STANDARD = "gnu++14";
				CLANG_CXX_LIBRARY = "libc++";
				CLANG_ENABLE_MODULES = YES;
				CLANG_ENABLE_OBJC_ARC = YES;
				CLANG_ENABLE_OBJC_WEAK = YES;
				CLANG_WARN_BLOCK_CAPTURE_AUTORELEASING = YES;
				CLANG_WARN_BOOL_CONVERSION = YES;
				CLANG_WARN_COMMA = YES;
				CLANG_WARN_CONSTANT_CONVERSION = YES;
				CLANG_WARN_DEPRECATED_OBJC_IMPLEMENTATIONS = YES;
				CLANG_WARN_DIRECT_OBJC_ISA_USAGE = YES_ERROR;
				CLANG_WARN_DOCUMENTATION_COMMENTS = YES;
				CLANG_WARN_EMPTY_BODY = YES;
				CLANG_WARN_ENUM_CONVERSION = YES;
				CLANG_WARN_INFINITE_RECURSION = YES;
				CLANG_WARN_INT_CONVERSION = YES;
				CLANG_WARN_NON_LITERAL_NULL_CONVERSION = YES;
				CLANG_WARN_OBJC_IMPLICIT_RETAIN_SELF = YES;
				CLANG_WARN_OBJC_LITERAL_CONVERSION = YES;
				CLANG_WARN_OBJC_ROOT_CLASS = YES_ERROR;
				CLANG_WARN_QUOTED_INCLUDE_IN_FRAMEWORK_HEADER = YES;
				CLANG_WARN_RANGE_LOOP_ANALYSIS = YES;
				CLANG_WARN_STRICT_PROTOTYPES = YES;
				CLANG_WARN_SUSPICIOUS_MOVE = YES;
				CLANG_WARN_UNGUARDED_AVAILABILITY = YES_AGGRESSIVE;
				CLANG_WARN_UNREACHABLE_CODE = YES;
				CLANG_WARN__DUPLICATE_METHOD_MATCH = YES;
				COPY_PHASE_STRIP = NO;
				DEBUG_INFORMATION_FORMAT = "dwarf-with-dsym";
				ENABLE_NS_ASSERTIONS = NO;
				ENABLE_STRICT_OBJC_MSGSEND = YES;
				GCC_C_LANGUAGE_STANDARD = gnu11;
				GCC_NO_COMMON_BLOCKS = YES;
				GCC_WARN_64_TO_32_BIT_CONVERSION = YES;
				GCC_WARN_ABOUT_RETURN_TYPE = YES_ERROR;
				GCC_WARN_UNDECLARED_SELECTOR = YES;
				GCC_WARN_UNINITIALIZED_AUTOS = YES_AGGRESSIVE;
				GCC_WARN_UNUSED_FUNCTION = YES;
				GCC_WARN_UNUSED_VARIABLE = YES;
				IPHONEOS_DEPLOYMENT_TARGET = 14.2;
				MTL_ENABLE_DEBUG_INFO = NO;
				MTL_FAST_MATH = YES;
				SDKROOT = iphoneos;
				VALIDATE_PRODUCT = YES;
			};
			name = Release;
		};
		F5D868002575DC6500A251B5 /* Debug */ = {
			isa = XCBuildConfiguration;
			buildSettings = {
				ASSETCATALOG_COMPILER_APPICON_NAME = AppIcon;
				ASSETCATALOG_COMPILER_GLOBAL_ACCENT_COLOR_NAME = AccentColor;
				CODE_SIGN_STYLE = Automatic;
				DEVELOPMENT_TEAM = X2GM9ZBPQT;
				INFOPLIST_FILE = Common/Info.plist;
				IPHONEOS_DEPLOYMENT_TARGET = 12.0;
				LD_RUNPATH_SEARCH_PATHS = (
					"$(inherited)",
					"@executable_path/Frameworks",
				);
				PRODUCT_BUNDLE_IDENTIFIER = com.hz.Common;
				PRODUCT_NAME = "$(TARGET_NAME)";
				TARGETED_DEVICE_FAMILY = "1,2";
			};
			name = Debug;
		};
		F5D868012575DC6500A251B5 /* Release */ = {
			isa = XCBuildConfiguration;
			buildSettings = {
				ASSETCATALOG_COMPILER_APPICON_NAME = AppIcon;
				ASSETCATALOG_COMPILER_GLOBAL_ACCENT_COLOR_NAME = AccentColor;
				CODE_SIGN_STYLE = Automatic;
				DEVELOPMENT_TEAM = X2GM9ZBPQT;
				INFOPLIST_FILE = Common/Info.plist;
				IPHONEOS_DEPLOYMENT_TARGET = 12.0;
				LD_RUNPATH_SEARCH_PATHS = (
					"$(inherited)",
					"@executable_path/Frameworks",
				);
				PRODUCT_BUNDLE_IDENTIFIER = com.hz.Common;
				PRODUCT_NAME = "$(TARGET_NAME)";
				TARGETED_DEVICE_FAMILY = "1,2";
			};
			name = Release;
		};
		F5D868032575DC6500A251B5 /* Debug */ = {
			isa = XCBuildConfiguration;
			buildSettings = {
				BUNDLE_LOADER = "$(TEST_HOST)";
				CODE_SIGN_STYLE = Automatic;
				DEVELOPMENT_TEAM = X2GM9ZBPQT;
				INFOPLIST_FILE = CommonTests/Info.plist;
				IPHONEOS_DEPLOYMENT_TARGET = 14.2;
				LD_RUNPATH_SEARCH_PATHS = (
					"$(inherited)",
					"@executable_path/Frameworks",
					"@loader_path/Frameworks",
				);
				PRODUCT_BUNDLE_IDENTIFIER = com.hz.CommonTests;
				PRODUCT_NAME = "$(TARGET_NAME)";
				TARGETED_DEVICE_FAMILY = "1,2";
				TEST_HOST = "$(BUILT_PRODUCTS_DIR)/Common.app/Common";
			};
			name = Debug;
		};
		F5D868042575DC6500A251B5 /* Release */ = {
			isa = XCBuildConfiguration;
			buildSettings = {
				BUNDLE_LOADER = "$(TEST_HOST)";
				CODE_SIGN_STYLE = Automatic;
				DEVELOPMENT_TEAM = X2GM9ZBPQT;
				INFOPLIST_FILE = CommonTests/Info.plist;
				IPHONEOS_DEPLOYMENT_TARGET = 14.2;
				LD_RUNPATH_SEARCH_PATHS = (
					"$(inherited)",
					"@executable_path/Frameworks",
					"@loader_path/Frameworks",
				);
				PRODUCT_BUNDLE_IDENTIFIER = com.hz.CommonTests;
				PRODUCT_NAME = "$(TARGET_NAME)";
				TARGETED_DEVICE_FAMILY = "1,2";
				TEST_HOST = "$(BUILT_PRODUCTS_DIR)/Common.app/Common";
			};
			name = Release;
		};
		F5D868062575DC6500A251B5 /* Debug */ = {
			isa = XCBuildConfiguration;
			buildSettings = {
				CODE_SIGN_STYLE = Automatic;
				DEVELOPMENT_TEAM = X2GM9ZBPQT;
				INFOPLIST_FILE = CommonUITests/Info.plist;
				LD_RUNPATH_SEARCH_PATHS = (
					"$(inherited)",
					"@executable_path/Frameworks",
					"@loader_path/Frameworks",
				);
				PRODUCT_BUNDLE_IDENTIFIER = com.hz.CommonUITests;
				PRODUCT_NAME = "$(TARGET_NAME)";
				TARGETED_DEVICE_FAMILY = "1,2";
				TEST_TARGET_NAME = Common;
			};
			name = Debug;
		};
		F5D868072575DC6500A251B5 /* Release */ = {
			isa = XCBuildConfiguration;
			buildSettings = {
				CODE_SIGN_STYLE = Automatic;
				DEVELOPMENT_TEAM = X2GM9ZBPQT;
				INFOPLIST_FILE = CommonUITests/Info.plist;
				LD_RUNPATH_SEARCH_PATHS = (
					"$(inherited)",
					"@executable_path/Frameworks",
					"@loader_path/Frameworks",
				);
				PRODUCT_BUNDLE_IDENTIFIER = com.hz.CommonUITests;
				PRODUCT_NAME = "$(TARGET_NAME)";
				TARGETED_DEVICE_FAMILY = "1,2";
				TEST_TARGET_NAME = Common;
			};
			name = Release;
		};
/* End XCBuildConfiguration section */

/* Begin XCConfigurationList section */
		F5D867CB2575DC6300A251B5 /* Build configuration list for PBXProject "Common" */ = {
			isa = XCConfigurationList;
			buildConfigurations = (
				F5D867FD2575DC6500A251B5 /* Debug */,
				F5D867FE2575DC6500A251B5 /* Release */,
			);
			defaultConfigurationIsVisible = 0;
			defaultConfigurationName = Release;
		};
		F5D867FF2575DC6500A251B5 /* Build configuration list for PBXNativeTarget "Common" */ = {
			isa = XCConfigurationList;
			buildConfigurations = (
				F5D868002575DC6500A251B5 /* Debug */,
				F5D868012575DC6500A251B5 /* Release */,
			);
			defaultConfigurationIsVisible = 0;
			defaultConfigurationName = Release;
		};
		F5D868022575DC6500A251B5 /* Build configuration list for PBXNativeTarget "CommonTests" */ = {
			isa = XCConfigurationList;
			buildConfigurations = (
				F5D868032575DC6500A251B5 /* Debug */,
				F5D868042575DC6500A251B5 /* Release */,
			);
			defaultConfigurationIsVisible = 0;
			defaultConfigurationName = Release;
		};
		F5D868052575DC6500A251B5 /* Build configuration list for PBXNativeTarget "CommonUITests" */ = {
			isa = XCConfigurationList;
			buildConfigurations = (
				F5D868062575DC6500A251B5 /* Debug */,
				F5D868072575DC6500A251B5 /* Release */,
			);
			defaultConfigurationIsVisible = 0;
			defaultConfigurationName = Release;
		};
/* End XCConfigurationList section */
	};
	rootObject = F5D867C82575DC6300A251B5 /* Project object */;
}
